// !$*UTF8*$!
{
	archiveVersion = 1;
	classes = {
	};
	objectVersion = 50;
	objects = {

/* Begin PBXBuildFile section */
		14C8956120BA443F00AC0723 /* busquedaViewController.swift in Sources */ = {isa = PBXBuildFile; fileRef = 14C8956020BA443F00AC0723 /* busquedaViewController.swift */; };
		14C8956320BA6FB300AC0723 /* ResultBusViewController.swift in Sources */ = {isa = PBXBuildFile; fileRef = 14C8956220BA6FB200AC0723 /* ResultBusViewController.swift */; };
		14C8956720BC026B00AC0723 /* histViewController.swift in Sources */ = {isa = PBXBuildFile; fileRef = 14C8956620BC026B00AC0723 /* histViewController.swift */; };
		330C732BA5C9E0A40D6960AB /* Pods_UPAPPTests.framework in Frameworks */ = {isa = PBXBuildFile; fileRef = 1570D41B6DB4EE2E63DF55B0 /* Pods_UPAPPTests.framework */; };
		B0248AF929D17EFC00B2606A /* Pods_UPAPPUITests.framework in Frameworks */ = {isa = PBXBuildFile; fileRef = 2D3464B6D2348C86574E7487 /* Pods_UPAPPUITests.framework */; };
		C68FF2DD089D937D1C905236 /* Pods_UPAPP.framework in Frameworks */ = {isa = PBXBuildFile; fileRef = C4A7B1E61E6E71223E7978F7 /* Pods_UPAPP.framework */; };
		ED499A4D20A3B70D00CF98FF /* AppDelegate.swift in Sources */ = {isa = PBXBuildFile; fileRef = ED499A4C20A3B70D00CF98FF /* AppDelegate.swift */; };
		ED499A4F20A3B70D00CF98FF /* ViewController.swift in Sources */ = {isa = PBXBuildFile; fileRef = ED499A4E20A3B70D00CF98FF /* ViewController.swift */; };
		ED499A5220A3B70D00CF98FF /* Main.storyboard in Resources */ = {isa = PBXBuildFile; fileRef = ED499A5020A3B70D00CF98FF /* Main.storyboard */; };
		ED499A5720A3B70F00CF98FF /* LaunchScreen.storyboard in Resources */ = {isa = PBXBuildFile; fileRef = ED499A5520A3B70F00CF98FF /* LaunchScreen.storyboard */; };
		ED499A6220A3B70F00CF98FF /* UPAPPTests.swift in Sources */ = {isa = PBXBuildFile; fileRef = ED499A6120A3B70F00CF98FF /* UPAPPTests.swift */; };
		ED499A6D20A3B70F00CF98FF /* UPAPPUITests.swift in Sources */ = {isa = PBXBuildFile; fileRef = ED499A6C20A3B70F00CF98FF /* UPAPPUITests.swift */; };
		ED56980D20B7DB3C004E5297 /* Assets.xcassets in Resources */ = {isa = PBXBuildFile; fileRef = ED56980C20B7DB3B004E5297 /* Assets.xcassets */; };
		ED56980E20B7DB3C004E5297 /* Assets.xcassets in Resources */ = {isa = PBXBuildFile; fileRef = ED56980C20B7DB3B004E5297 /* Assets.xcassets */; };
		ED56980F20B7DB3C004E5297 /* Assets.xcassets in Resources */ = {isa = PBXBuildFile; fileRef = ED56980C20B7DB3B004E5297 /* Assets.xcassets */; };
		ED84568E20B9DE7100ADB1F4 /* GoogleService-Info.plist in Resources */ = {isa = PBXBuildFile; fileRef = ED84568D20B9DE7000ADB1F4 /* GoogleService-Info.plist */; };
		ED84569420BB54DB00ADB1F4 /* MultaDetalleViewController.swift in Sources */ = {isa = PBXBuildFile; fileRef = ED84569320BB54DB00ADB1F4 /* MultaDetalleViewController.swift */; };
		ED95DACE20BB995500E6AABD /* LibroPrestamoController.swift in Sources */ = {isa = PBXBuildFile; fileRef = ED95DACD20BB995500E6AABD /* LibroPrestamoController.swift */; };
		ED95DAD220BBF90400E6AABD /* LoginController.swift in Sources */ = {isa = PBXBuildFile; fileRef = ED95DAD120BBF90400E6AABD /* LoginController.swift */; };
/* End PBXBuildFile section */

/* Begin PBXContainerItemProxy section */
		ED499A5E20A3B70F00CF98FF /* PBXContainerItemProxy */ = {
			isa = PBXContainerItemProxy;
			containerPortal = ED499A4120A3B70D00CF98FF /* Project object */;
			proxyType = 1;
			remoteGlobalIDString = ED499A4820A3B70D00CF98FF;
			remoteInfo = UPAPP;
		};
		ED499A6920A3B70F00CF98FF /* PBXContainerItemProxy */ = {
			isa = PBXContainerItemProxy;
			containerPortal = ED499A4120A3B70D00CF98FF /* Project object */;
			proxyType = 1;
			remoteGlobalIDString = ED499A4820A3B70D00CF98FF;
			remoteInfo = UPAPP;
		};
/* End PBXContainerItemProxy section */

/* Begin PBXFileReference section */
		06460259CA38EC5063845EAE /* Pods-UPAPP.release.xcconfig */ = {isa = PBXFileReference; includeInIndex = 1; lastKnownFileType = text.xcconfig; name = "Pods-UPAPP.release.xcconfig"; path = "Pods/Target Support Files/Pods-UPAPP/Pods-UPAPP.release.xcconfig"; sourceTree = "<group>"; };
		14C8956020BA443F00AC0723 /* busquedaViewController.swift */ = {isa = PBXFileReference; lastKnownFileType = sourcecode.swift; path = busquedaViewController.swift; sourceTree = "<group>"; };
		14C8956220BA6FB200AC0723 /* ResultBusViewController.swift */ = {isa = PBXFileReference; lastKnownFileType = sourcecode.swift; path = ResultBusViewController.swift; sourceTree = "<group>"; };
		14C8956620BC026B00AC0723 /* histViewController.swift */ = {isa = PBXFileReference; lastKnownFileType = sourcecode.swift; path = histViewController.swift; sourceTree = "<group>"; };
		1570D41B6DB4EE2E63DF55B0 /* Pods_UPAPPTests.framework */ = {isa = PBXFileReference; explicitFileType = wrapper.framework; includeInIndex = 0; path = Pods_UPAPPTests.framework; sourceTree = BUILT_PRODUCTS_DIR; };
		2D3464B6D2348C86574E7487 /* Pods_UPAPPUITests.framework */ = {isa = PBXFileReference; explicitFileType = wrapper.framework; includeInIndex = 0; path = Pods_UPAPPUITests.framework; sourceTree = BUILT_PRODUCTS_DIR; };
		51334CAC0E816F5954219B56 /* Pods-UPAPPTests.debug.xcconfig */ = {isa = PBXFileReference; includeInIndex = 1; lastKnownFileType = text.xcconfig; name = "Pods-UPAPPTests.debug.xcconfig"; path = "Pods/Target Support Files/Pods-UPAPPTests/Pods-UPAPPTests.debug.xcconfig"; sourceTree = "<group>"; };
		6BBE6AE9B631738194829944 /* Pods-UPAPPUITests.release.xcconfig */ = {isa = PBXFileReference; includeInIndex = 1; lastKnownFileType = text.xcconfig; name = "Pods-UPAPPUITests.release.xcconfig"; path = "Pods/Target Support Files/Pods-UPAPPUITests/Pods-UPAPPUITests.release.xcconfig"; sourceTree = "<group>"; };
		C4A7B1E61E6E71223E7978F7 /* Pods_UPAPP.framework */ = {isa = PBXFileReference; explicitFileType = wrapper.framework; includeInIndex = 0; path = Pods_UPAPP.framework; sourceTree = BUILT_PRODUCTS_DIR; };
		D1BD8DD6C495631B785BFB74 /* Pods-UPAPPUITests.debug.xcconfig */ = {isa = PBXFileReference; includeInIndex = 1; lastKnownFileType = text.xcconfig; name = "Pods-UPAPPUITests.debug.xcconfig"; path = "Pods/Target Support Files/Pods-UPAPPUITests/Pods-UPAPPUITests.debug.xcconfig"; sourceTree = "<group>"; };
		E05BA54DF26DA90688F6161E /* Pods-UPAPP.debug.xcconfig */ = {isa = PBXFileReference; includeInIndex = 1; lastKnownFileType = text.xcconfig; name = "Pods-UPAPP.debug.xcconfig"; path = "Pods/Target Support Files/Pods-UPAPP/Pods-UPAPP.debug.xcconfig"; sourceTree = "<group>"; };
		ED499A4920A3B70D00CF98FF /* UPAPP.app */ = {isa = PBXFileReference; explicitFileType = wrapper.application; includeInIndex = 0; path = UPAPP.app; sourceTree = BUILT_PRODUCTS_DIR; };
		ED499A4C20A3B70D00CF98FF /* AppDelegate.swift */ = {isa = PBXFileReference; lastKnownFileType = sourcecode.swift; path = AppDelegate.swift; sourceTree = "<group>"; };
		ED499A4E20A3B70D00CF98FF /* ViewController.swift */ = {isa = PBXFileReference; lastKnownFileType = sourcecode.swift; path = ViewController.swift; sourceTree = "<group>"; };
		ED499A5120A3B70D00CF98FF /* Base */ = {isa = PBXFileReference; lastKnownFileType = file.storyboard; name = Base; path = Base.lproj/Main.storyboard; sourceTree = "<group>"; };
		ED499A5620A3B70F00CF98FF /* Base */ = {isa = PBXFileReference; lastKnownFileType = file.storyboard; name = Base; path = Base.lproj/LaunchScreen.storyboard; sourceTree = "<group>"; };
		ED499A5820A3B70F00CF98FF /* Info.plist */ = {isa = PBXFileReference; lastKnownFileType = text.plist.xml; path = Info.plist; sourceTree = "<group>"; };
		ED499A5D20A3B70F00CF98FF /* UPAPPTests.xctest */ = {isa = PBXFileReference; explicitFileType = wrapper.cfbundle; includeInIndex = 0; path = UPAPPTests.xctest; sourceTree = BUILT_PRODUCTS_DIR; };
		ED499A6120A3B70F00CF98FF /* UPAPPTests.swift */ = {isa = PBXFileReference; lastKnownFileType = sourcecode.swift; path = UPAPPTests.swift; sourceTree = "<group>"; };
		ED499A6320A3B70F00CF98FF /* Info.plist */ = {isa = PBXFileReference; lastKnownFileType = text.plist.xml; path = Info.plist; sourceTree = "<group>"; };
		ED499A6820A3B70F00CF98FF /* UPAPPUITests.xctest */ = {isa = PBXFileReference; explicitFileType = wrapper.cfbundle; includeInIndex = 0; path = UPAPPUITests.xctest; sourceTree = BUILT_PRODUCTS_DIR; };
		ED499A6C20A3B70F00CF98FF /* UPAPPUITests.swift */ = {isa = PBXFileReference; lastKnownFileType = sourcecode.swift; path = UPAPPUITests.swift; sourceTree = "<group>"; };
		ED499A6E20A3B70F00CF98FF /* Info.plist */ = {isa = PBXFileReference; lastKnownFileType = text.plist.xml; path = Info.plist; sourceTree = "<group>"; };
		ED56980C20B7DB3B004E5297 /* Assets.xcassets */ = {isa = PBXFileReference; lastKnownFileType = folder.assetcatalog; path = Assets.xcassets; sourceTree = "<group>"; };
		ED84568D20B9DE7000ADB1F4 /* GoogleService-Info.plist */ = {isa = PBXFileReference; fileEncoding = 4; lastKnownFileType = text.plist.xml; path = "GoogleService-Info.plist"; sourceTree = "<group>"; };
		ED84569320BB54DB00ADB1F4 /* MultaDetalleViewController.swift */ = {isa = PBXFileReference; fileEncoding = 4; lastKnownFileType = sourcecode.swift; path = MultaDetalleViewController.swift; sourceTree = "<group>"; };
		ED95DACD20BB995500E6AABD /* LibroPrestamoController.swift */ = {isa = PBXFileReference; lastKnownFileType = sourcecode.swift; path = LibroPrestamoController.swift; sourceTree = "<group>"; };
		ED95DAD120BBF90400E6AABD /* LoginController.swift */ = {isa = PBXFileReference; lastKnownFileType = sourcecode.swift; path = LoginController.swift; sourceTree = "<group>"; };
		F622A87CCDAFAA57BB6DF6EF /* Pods-UPAPPTests.release.xcconfig */ = {isa = PBXFileReference; includeInIndex = 1; lastKnownFileType = text.xcconfig; name = "Pods-UPAPPTests.release.xcconfig"; path = "Pods/Target Support Files/Pods-UPAPPTests/Pods-UPAPPTests.release.xcconfig"; sourceTree = "<group>"; };
/* End PBXFileReference section */

/* Begin PBXFrameworksBuildPhase section */
		ED499A4620A3B70D00CF98FF /* Frameworks */ = {
			isa = PBXFrameworksBuildPhase;
			buildActionMask = 2147483647;
			files = (
				C68FF2DD089D937D1C905236 /* Pods_UPAPP.framework in Frameworks */,
			);
			runOnlyForDeploymentPostprocessing = 0;
		};
		ED499A5A20A3B70F00CF98FF /* Frameworks */ = {
			isa = PBXFrameworksBuildPhase;
			buildActionMask = 2147483647;
			files = (
				330C732BA5C9E0A40D6960AB /* Pods_UPAPPTests.framework in Frameworks */,
			);
			runOnlyForDeploymentPostprocessing = 0;
		};
		ED499A6520A3B70F00CF98FF /* Frameworks */ = {
			isa = PBXFrameworksBuildPhase;
			buildActionMask = 2147483647;
			files = (
				B0248AF929D17EFC00B2606A /* Pods_UPAPPUITests.framework in Frameworks */,
			);
			runOnlyForDeploymentPostprocessing = 0;
		};
/* End PBXFrameworksBuildPhase section */

/* Begin PBXGroup section */
		366A2E7F5208F1C4CD6FAF1D /* Frameworks */ = {
			isa = PBXGroup;
			children = (
				C4A7B1E61E6E71223E7978F7 /* Pods_UPAPP.framework */,
				1570D41B6DB4EE2E63DF55B0 /* Pods_UPAPPTests.framework */,
				2D3464B6D2348C86574E7487 /* Pods_UPAPPUITests.framework */,
			);
			name = Frameworks;
			sourceTree = "<group>";
		};
		8618C8213523896F1D7BC65F /* Pods */ = {
			isa = PBXGroup;
			children = (
				E05BA54DF26DA90688F6161E /* Pods-UPAPP.debug.xcconfig */,
				06460259CA38EC5063845EAE /* Pods-UPAPP.release.xcconfig */,
				51334CAC0E816F5954219B56 /* Pods-UPAPPTests.debug.xcconfig */,
				F622A87CCDAFAA57BB6DF6EF /* Pods-UPAPPTests.release.xcconfig */,
				D1BD8DD6C495631B785BFB74 /* Pods-UPAPPUITests.debug.xcconfig */,
				6BBE6AE9B631738194829944 /* Pods-UPAPPUITests.release.xcconfig */,
			);
			name = Pods;
			sourceTree = "<group>";
		};
		ED499A4020A3B70D00CF98FF = {
			isa = PBXGroup;
			children = (
				ED499A4B20A3B70D00CF98FF /* UPAPP */,
				ED499A6020A3B70F00CF98FF /* UPAPPTests */,
				ED499A6B20A3B70F00CF98FF /* UPAPPUITests */,
				ED499A4A20A3B70D00CF98FF /* Products */,
				8618C8213523896F1D7BC65F /* Pods */,
				366A2E7F5208F1C4CD6FAF1D /* Frameworks */,
			);
			sourceTree = "<group>";
		};
		ED499A4A20A3B70D00CF98FF /* Products */ = {
			isa = PBXGroup;
			children = (
				ED499A4920A3B70D00CF98FF /* UPAPP.app */,
				ED499A5D20A3B70F00CF98FF /* UPAPPTests.xctest */,
				ED499A6820A3B70F00CF98FF /* UPAPPUITests.xctest */,
			);
			name = Products;
			sourceTree = "<group>";
		};
		ED499A4B20A3B70D00CF98FF /* UPAPP */ = {
			isa = PBXGroup;
			children = (
				ED84569320BB54DB00ADB1F4 /* MultaDetalleViewController.swift */,
				14C8956220BA6FB200AC0723 /* ResultBusViewController.swift */,
				ED499A4C20A3B70D00CF98FF /* AppDelegate.swift */,
				ED499A4E20A3B70D00CF98FF /* ViewController.swift */,
				ED499A5020A3B70D00CF98FF /* Main.storyboard */,
				14C8956620BC026B00AC0723 /* histViewController.swift */,
				ED95DAD120BBF90400E6AABD /* LoginController.swift */,
				ED95DACD20BB995500E6AABD /* LibroPrestamoController.swift */,
				14C8956020BA443F00AC0723 /* busquedaViewController.swift */,
				ED56980C20B7DB3B004E5297 /* Assets.xcassets */,
				ED499A5520A3B70F00CF98FF /* LaunchScreen.storyboard */,
				ED84568D20B9DE7000ADB1F4 /* GoogleService-Info.plist */,
				ED499A5820A3B70F00CF98FF /* Info.plist */,
			);
			path = UPAPP;
			sourceTree = "<group>";
		};
		ED499A6020A3B70F00CF98FF /* UPAPPTests */ = {
			isa = PBXGroup;
			children = (
				ED499A6120A3B70F00CF98FF /* UPAPPTests.swift */,
				ED499A6320A3B70F00CF98FF /* Info.plist */,
			);
			path = UPAPPTests;
			sourceTree = "<group>";
		};
		ED499A6B20A3B70F00CF98FF /* UPAPPUITests */ = {
			isa = PBXGroup;
			children = (
				ED499A6C20A3B70F00CF98FF /* UPAPPUITests.swift */,
				ED499A6E20A3B70F00CF98FF /* Info.plist */,
			);
			path = UPAPPUITests;
			sourceTree = "<group>";
		};
/* End PBXGroup section */

/* Begin PBXNativeTarget section */
		ED499A4820A3B70D00CF98FF /* UPAPP */ = {
			isa = PBXNativeTarget;
			buildConfigurationList = ED499A7120A3B70F00CF98FF /* Build configuration list for PBXNativeTarget "UPAPP" */;
			buildPhases = (
				5BE449FC50948FA82D130651 /* [CP] Check Pods Manifest.lock */,
				ED499A4520A3B70D00CF98FF /* Sources */,
				ED499A4620A3B70D00CF98FF /* Frameworks */,
				ED499A4720A3B70D00CF98FF /* Resources */,
				A0AD97C9FE74A644A93E0DB0 /* [CP] Embed Pods Frameworks */,
			);
			buildRules = (
			);
			dependencies = (
			);
			name = UPAPP;
			productName = UPAPP;
			productReference = ED499A4920A3B70D00CF98FF /* UPAPP.app */;
			productType = "com.apple.product-type.application";
		};
		ED499A5C20A3B70F00CF98FF /* UPAPPTests */ = {
			isa = PBXNativeTarget;
			buildConfigurationList = ED499A7420A3B70F00CF98FF /* Build configuration list for PBXNativeTarget "UPAPPTests" */;
			buildPhases = (
				1A450CECC48D73A5A7ED8BCD /* [CP] Check Pods Manifest.lock */,
				ED499A5920A3B70F00CF98FF /* Sources */,
				ED499A5A20A3B70F00CF98FF /* Frameworks */,
				ED499A5B20A3B70F00CF98FF /* Resources */,
			);
			buildRules = (
			);
			dependencies = (
				ED499A5F20A3B70F00CF98FF /* PBXTargetDependency */,
			);
			name = UPAPPTests;
			productName = UPAPPTests;
			productReference = ED499A5D20A3B70F00CF98FF /* UPAPPTests.xctest */;
			productType = "com.apple.product-type.bundle.unit-test";
		};
		ED499A6720A3B70F00CF98FF /* UPAPPUITests */ = {
			isa = PBXNativeTarget;
			buildConfigurationList = ED499A7720A3B70F00CF98FF /* Build configuration list for PBXNativeTarget "UPAPPUITests" */;
			buildPhases = (
				D6BFE43ACEB1D2AC24DCDE0C /* [CP] Check Pods Manifest.lock */,
				ED499A6420A3B70F00CF98FF /* Sources */,
				ED499A6520A3B70F00CF98FF /* Frameworks */,
				ED499A6620A3B70F00CF98FF /* Resources */,
			);
			buildRules = (
			);
			dependencies = (
				ED499A6A20A3B70F00CF98FF /* PBXTargetDependency */,
			);
			name = UPAPPUITests;
			productName = UPAPPUITests;
			productReference = ED499A6820A3B70F00CF98FF /* UPAPPUITests.xctest */;
			productType = "com.apple.product-type.bundle.ui-testing";
		};
/* End PBXNativeTarget section */

/* Begin PBXProject section */
		ED499A4120A3B70D00CF98FF /* Project object */ = {
			isa = PBXProject;
			attributes = {
				LastSwiftUpdateCheck = 0930;
				LastUpgradeCheck = 0930;
				ORGANIZATIONNAME = "Edgardo Victorino Marin";
				TargetAttributes = {
					ED499A4820A3B70D00CF98FF = {
						CreatedOnToolsVersion = 9.3;
					};
					ED499A5C20A3B70F00CF98FF = {
						CreatedOnToolsVersion = 9.3;
						TestTargetID = ED499A4820A3B70D00CF98FF;
					};
					ED499A6720A3B70F00CF98FF = {
						CreatedOnToolsVersion = 9.3;
						TestTargetID = ED499A4820A3B70D00CF98FF;
					};
				};
			};
			buildConfigurationList = ED499A4420A3B70D00CF98FF /* Build configuration list for PBXProject "UPAPP" */;
			compatibilityVersion = "Xcode 9.3";
			developmentRegion = en;
			hasScannedForEncodings = 0;
			knownRegions = (
				en,
				Base,
			);
			mainGroup = ED499A4020A3B70D00CF98FF;
			productRefGroup = ED499A4A20A3B70D00CF98FF /* Products */;
			projectDirPath = "";
			projectRoot = "";
			targets = (
				ED499A4820A3B70D00CF98FF /* UPAPP */,
				ED499A5C20A3B70F00CF98FF /* UPAPPTests */,
				ED499A6720A3B70F00CF98FF /* UPAPPUITests */,
			);
		};
/* End PBXProject section */

/* Begin PBXResourcesBuildPhase section */
		ED499A4720A3B70D00CF98FF /* Resources */ = {
			isa = PBXResourcesBuildPhase;
			buildActionMask = 2147483647;
			files = (
				ED499A5720A3B70F00CF98FF /* LaunchScreen.storyboard in Resources */,
				ED84568E20B9DE7100ADB1F4 /* GoogleService-Info.plist in Resources */,
				ED56980D20B7DB3C004E5297 /* Assets.xcassets in Resources */,
				ED499A5220A3B70D00CF98FF /* Main.storyboard in Resources */,
			);
			runOnlyForDeploymentPostprocessing = 0;
		};
		ED499A5B20A3B70F00CF98FF /* Resources */ = {
			isa = PBXResourcesBuildPhase;
			buildActionMask = 2147483647;
			files = (
				ED56980E20B7DB3C004E5297 /* Assets.xcassets in Resources */,
			);
			runOnlyForDeploymentPostprocessing = 0;
		};
		ED499A6620A3B70F00CF98FF /* Resources */ = {
			isa = PBXResourcesBuildPhase;
			buildActionMask = 2147483647;
			files = (
				ED56980F20B7DB3C004E5297 /* Assets.xcassets in Resources */,
			);
			runOnlyForDeploymentPostprocessing = 0;
		};
/* End PBXResourcesBuildPhase section */

/* Begin PBXShellScriptBuildPhase section */
		1A450CECC48D73A5A7ED8BCD /* [CP] Check Pods Manifest.lock */ = {
			isa = PBXShellScriptBuildPhase;
			buildActionMask = 2147483647;
			files = (
			);
			inputPaths = (
				"${PODS_PODFILE_DIR_PATH}/Podfile.lock",
				"${PODS_ROOT}/Manifest.lock",
			);
			name = "[CP] Check Pods Manifest.lock";
			outputPaths = (
				"$(DERIVED_FILE_DIR)/Pods-UPAPPTests-checkManifestLockResult.txt",
			);
			runOnlyForDeploymentPostprocessing = 0;
			shellPath = /bin/sh;
			shellScript = "diff \"${PODS_PODFILE_DIR_PATH}/Podfile.lock\" \"${PODS_ROOT}/Manifest.lock\" > /dev/null\nif [ $? != 0 ] ; then\n    # print error to STDERR\n    echo \"error: The sandbox is not in sync with the Podfile.lock. Run 'pod install' or update your CocoaPods installation.\" >&2\n    exit 1\nfi\n# This output is used by Xcode 'outputs' to avoid re-running this script phase.\necho \"SUCCESS\" > \"${SCRIPT_OUTPUT_FILE_0}\"\n";
			showEnvVarsInLog = 0;
		};
		5BE449FC50948FA82D130651 /* [CP] Check Pods Manifest.lock */ = {
			isa = PBXShellScriptBuildPhase;
			buildActionMask = 2147483647;
			files = (
			);
			inputPaths = (
				"${PODS_PODFILE_DIR_PATH}/Podfile.lock",
				"${PODS_ROOT}/Manifest.lock",
			);
			name = "[CP] Check Pods Manifest.lock";
			outputPaths = (
				"$(DERIVED_FILE_DIR)/Pods-UPAPP-checkManifestLockResult.txt",
			);
			runOnlyForDeploymentPostprocessing = 0;
			shellPath = /bin/sh;
			shellScript = "diff \"${PODS_PODFILE_DIR_PATH}/Podfile.lock\" \"${PODS_ROOT}/Manifest.lock\" > /dev/null\nif [ $? != 0 ] ; then\n    # print error to STDERR\n    echo \"error: The sandbox is not in sync with the Podfile.lock. Run 'pod install' or update your CocoaPods installation.\" >&2\n    exit 1\nfi\n# This output is used by Xcode 'outputs' to avoid re-running this script phase.\necho \"SUCCESS\" > \"${SCRIPT_OUTPUT_FILE_0}\"\n";
			showEnvVarsInLog = 0;
		};
		A0AD97C9FE74A644A93E0DB0 /* [CP] Embed Pods Frameworks */ = {
			isa = PBXShellScriptBuildPhase;
			buildActionMask = 2147483647;
			files = (
			);
			inputPaths = (
				"${SRCROOT}/Pods/Target Support Files/Pods-UPAPP/Pods-UPAPP-frameworks.sh",
				"${BUILT_PRODUCTS_DIR}/GTMSessionFetcher/GTMSessionFetcher.framework",
				"${BUILT_PRODUCTS_DIR}/GoogleToolboxForMac/GoogleToolboxForMac.framework",
				"${BUILT_PRODUCTS_DIR}/leveldb-library/leveldb.framework",
				"${BUILT_PRODUCTS_DIR}/nanopb/nanopb.framework",
			);
			name = "[CP] Embed Pods Frameworks";
			outputPaths = (
				"${TARGET_BUILD_DIR}/${FRAMEWORKS_FOLDER_PATH}/GTMSessionFetcher.framework",
				"${TARGET_BUILD_DIR}/${FRAMEWORKS_FOLDER_PATH}/GoogleToolboxForMac.framework",
				"${TARGET_BUILD_DIR}/${FRAMEWORKS_FOLDER_PATH}/leveldb.framework",
				"${TARGET_BUILD_DIR}/${FRAMEWORKS_FOLDER_PATH}/nanopb.framework",
			);
			runOnlyForDeploymentPostprocessing = 0;
			shellPath = /bin/sh;
			shellScript = "\"${SRCROOT}/Pods/Target Support Files/Pods-UPAPP/Pods-UPAPP-frameworks.sh\"\n";
			showEnvVarsInLog = 0;
		};
		D6BFE43ACEB1D2AC24DCDE0C /* [CP] Check Pods Manifest.lock */ = {
			isa = PBXShellScriptBuildPhase;
			buildActionMask = 2147483647;
			files = (
			);
			inputPaths = (
				"${PODS_PODFILE_DIR_PATH}/Podfile.lock",
				"${PODS_ROOT}/Manifest.lock",
			);
			name = "[CP] Check Pods Manifest.lock";
			outputPaths = (
				"$(DERIVED_FILE_DIR)/Pods-UPAPPUITests-checkManifestLockResult.txt",
			);
			runOnlyForDeploymentPostprocessing = 0;
			shellPath = /bin/sh;
			shellScript = "diff \"${PODS_PODFILE_DIR_PATH}/Podfile.lock\" \"${PODS_ROOT}/Manifest.lock\" > /dev/null\nif [ $? != 0 ] ; then\n    # print error to STDERR\n    echo \"error: The sandbox is not in sync with the Podfile.lock. Run 'pod install' or update your CocoaPods installation.\" >&2\n    exit 1\nfi\n# This output is used by Xcode 'outputs' to avoid re-running this script phase.\necho \"SUCCESS\" > \"${SCRIPT_OUTPUT_FILE_0}\"\n";
			showEnvVarsInLog = 0;
		};
/* End PBXShellScriptBuildPhase section */

/* Begin PBXSourcesBuildPhase section */
		ED499A4520A3B70D00CF98FF /* Sources */ = {
			isa = PBXSourcesBuildPhase;
			buildActionMask = 2147483647;
			files = (
				14C8956320BA6FB300AC0723 /* ResultBusViewController.swift in Sources */,
				ED84569420BB54DB00ADB1F4 /* MultaDetalleViewController.swift in Sources */,
				14C8956720BC026B00AC0723 /* histViewController.swift in Sources */,
				ED499A4F20A3B70D00CF98FF /* ViewController.swift in Sources */,
				ED95DACE20BB995500E6AABD /* LibroPrestamoController.swift in Sources */,
				14C8956120BA443F00AC0723 /* busquedaViewController.swift in Sources */,
				ED499A4D20A3B70D00CF98FF /* AppDelegate.swift in Sources */,
				ED95DAD220BBF90400E6AABD /* LoginController.swift in Sources */,
			);
			runOnlyForDeploymentPostprocessing = 0;
		};
		ED499A5920A3B70F00CF98FF /* Sources */ = {
			isa = PBXSourcesBuildPhase;
			buildActionMask = 2147483647;
			files = (
				ED499A6220A3B70F00CF98FF /* UPAPPTests.swift in Sources */,
			);
			runOnlyForDeploymentPostprocessing = 0;
		};
		ED499A6420A3B70F00CF98FF /* Sources */ = {
			isa = PBXSourcesBuildPhase;
			buildActionMask = 2147483647;
			files = (
				ED499A6D20A3B70F00CF98FF /* UPAPPUITests.swift in Sources */,
			);
			runOnlyForDeploymentPostprocessing = 0;
		};
/* End PBXSourcesBuildPhase section */

/* Begin PBXTargetDependency section */
		ED499A5F20A3B70F00CF98FF /* PBXTargetDependency */ = {
			isa = PBXTargetDependency;
			target = ED499A4820A3B70D00CF98FF /* UPAPP */;
			targetProxy = ED499A5E20A3B70F00CF98FF /* PBXContainerItemProxy */;
		};
		ED499A6A20A3B70F00CF98FF /* PBXTargetDependency */ = {
			isa = PBXTargetDependency;
			target = ED499A4820A3B70D00CF98FF /* UPAPP */;
			targetProxy = ED499A6920A3B70F00CF98FF /* PBXContainerItemProxy */;
		};
/* End PBXTargetDependency section */

/* Begin PBXVariantGroup section */
		ED499A5020A3B70D00CF98FF /* Main.storyboard */ = {
			isa = PBXVariantGroup;
			children = (
				ED499A5120A3B70D00CF98FF /* Base */,
			);
			name = Main.storyboard;
			sourceTree = "<group>";
		};
		ED499A5520A3B70F00CF98FF /* LaunchScreen.storyboard */ = {
			isa = PBXVariantGroup;
			children = (
				ED499A5620A3B70F00CF98FF /* Base */,
			);
			name = LaunchScreen.storyboard;
			sourceTree = "<group>";
		};
/* End PBXVariantGroup section */

/* Begin XCBuildConfiguration section */
		ED499A6F20A3B70F00CF98FF /* Debug */ = {
			isa = XCBuildConfiguration;
			buildSettings = {
				ALWAYS_SEARCH_USER_PATHS = NO;
				CLANG_ANALYZER_NONNULL = YES;
				CLANG_ANALYZER_NUMBER_OBJECT_CONVERSION = YES_AGGRESSIVE;
				CLANG_CXX_LANGUAGE_STANDARD = "gnu++14";
				CLANG_CXX_LIBRARY = "libc++";
				CLANG_ENABLE_MODULES = YES;
				CLANG_ENABLE_OBJC_ARC = YES;
				CLANG_ENABLE_OBJC_WEAK = YES;
				CLANG_WARN_BLOCK_CAPTURE_AUTORELEASING = YES;
				CLANG_WARN_BOOL_CONVERSION = YES;
				CLANG_WARN_COMMA = YES;
				CLANG_WARN_CONSTANT_CONVERSION = YES;
				CLANG_WARN_DEPRECATED_OBJC_IMPLEMENTATIONS = YES;
				CLANG_WARN_DIRECT_OBJC_ISA_USAGE = YES_ERROR;
				CLANG_WARN_DOCUMENTATION_COMMENTS = YES;
				CLANG_WARN_EMPTY_BODY = YES;
				CLANG_WARN_ENUM_CONVERSION = YES;
				CLANG_WARN_INFINITE_RECURSION = YES;
				CLANG_WARN_INT_CONVERSION = YES;
				CLANG_WARN_NON_LITERAL_NULL_CONVERSION = YES;
				CLANG_WARN_OBJC_IMPLICIT_RETAIN_SELF = YES;
				CLANG_WARN_OBJC_LITERAL_CONVERSION = YES;
				CLANG_WARN_OBJC_ROOT_CLASS = YES_ERROR;
				CLANG_WARN_RANGE_LOOP_ANALYSIS = YES;
				CLANG_WARN_STRICT_PROTOTYPES = YES;
				CLANG_WARN_SUSPICIOUS_MOVE = YES;
				CLANG_WARN_UNGUARDED_AVAILABILITY = YES_AGGRESSIVE;
				CLANG_WARN_UNREACHABLE_CODE = YES;
				CLANG_WARN__DUPLICATE_METHOD_MATCH = YES;
				CODE_SIGN_IDENTITY = "iPhone Developer";
				COPY_PHASE_STRIP = NO;
				DEBUG_INFORMATION_FORMAT = dwarf;
				ENABLE_STRICT_OBJC_MSGSEND = YES;
				ENABLE_TESTABILITY = YES;
				GCC_C_LANGUAGE_STANDARD = gnu11;
				GCC_DYNAMIC_NO_PIC = NO;
				GCC_NO_COMMON_BLOCKS = YES;
				GCC_OPTIMIZATION_LEVEL = 0;
				GCC_PREPROCESSOR_DEFINITIONS = (
					"DEBUG=1",
					"$(inherited)",
				);
				GCC_WARN_64_TO_32_BIT_CONVERSION = YES;
				GCC_WARN_ABOUT_RETURN_TYPE = YES_ERROR;
				GCC_WARN_UNDECLARED_SELECTOR = YES;
				GCC_WARN_UNINITIALIZED_AUTOS = YES_AGGRESSIVE;
				GCC_WARN_UNUSED_FUNCTION = YES;
				GCC_WARN_UNUSED_VARIABLE = YES;
				IPHONEOS_DEPLOYMENT_TARGET = 11.3;
				MTL_ENABLE_DEBUG_INFO = YES;
				ONLY_ACTIVE_ARCH = YES;
				SDKROOT = iphoneos;
				SWIFT_ACTIVE_COMPILATION_CONDITIONS = DEBUG;
				SWIFT_OPTIMIZATION_LEVEL = "-Onone";
			};
			name = Debug;
		};
		ED499A7020A3B70F00CF98FF /* Release */ = {
			isa = XCBuildConfiguration;
			buildSettings = {
				ALWAYS_SEARCH_USER_PATHS = NO;
				CLANG_ANALYZER_NONNULL = YES;
				CLANG_ANALYZER_NUMBER_OBJECT_CONVERSION = YES_AGGRESSIVE;
				CLANG_CXX_LANGUAGE_STANDARD = "gnu++14";
				CLANG_CXX_LIBRARY = "libc++";
				CLANG_ENABLE_MODULES = YES;
				CLANG_ENABLE_OBJC_ARC = YES;
				CLANG_ENABLE_OBJC_WEAK = YES;
				CLANG_WARN_BLOCK_CAPTURE_AUTORELEASING = YES;
				CLANG_WARN_BOOL_CONVERSION = YES;
				CLANG_WARN_COMMA = YES;
				CLANG_WARN_CONSTANT_CONVERSION = YES;
				CLANG_WARN_DEPRECATED_OBJC_IMPLEMENTATIONS = YES;
				CLANG_WARN_DIRECT_OBJC_ISA_USAGE = YES_ERROR;
				CLANG_WARN_DOCUMENTATION_COMMENTS = YES;
				CLANG_WARN_EMPTY_BODY = YES;
				CLANG_WARN_ENUM_CONVERSION = YES;
				CLANG_WARN_INFINITE_RECURSION = YES;
				CLANG_WARN_INT_CONVERSION = YES;
				CLANG_WARN_NON_LITERAL_NULL_CONVERSION = YES;
				CLANG_WARN_OBJC_IMPLICIT_RETAIN_SELF = YES;
				CLANG_WARN_OBJC_LITERAL_CONVERSION = YES;
				CLANG_WARN_OBJC_ROOT_CLASS = YES_ERROR;
				CLANG_WARN_RANGE_LOOP_ANALYSIS = YES;
				CLANG_WARN_STRICT_PROTOTYPES = YES;
				CLANG_WARN_SUSPICIOUS_MOVE = YES;
				CLANG_WARN_UNGUARDED_AVAILABILITY = YES_AGGRESSIVE;
				CLANG_WARN_UNREACHABLE_CODE = YES;
				CLANG_WARN__DUPLICATE_METHOD_MATCH = YES;
				CODE_SIGN_IDENTITY = "iPhone Developer";
				COPY_PHASE_STRIP = NO;
				DEBUG_INFORMATION_FORMAT = "dwarf-with-dsym";
				ENABLE_NS_ASSERTIONS = NO;
				ENABLE_STRICT_OBJC_MSGSEND = YES;
				GCC_C_LANGUAGE_STANDARD = gnu11;
				GCC_NO_COMMON_BLOCKS = YES;
				GCC_WARN_64_TO_32_BIT_CONVERSION = YES;
				GCC_WARN_ABOUT_RETURN_TYPE = YES_ERROR;
				GCC_WARN_UNDECLARED_SELECTOR = YES;
				GCC_WARN_UNINITIALIZED_AUTOS = YES_AGGRESSIVE;
				GCC_WARN_UNUSED_FUNCTION = YES;
				GCC_WARN_UNUSED_VARIABLE = YES;
				IPHONEOS_DEPLOYMENT_TARGET = 11.3;
				MTL_ENABLE_DEBUG_INFO = NO;
				SDKROOT = iphoneos;
				SWIFT_COMPILATION_MODE = wholemodule;
				SWIFT_OPTIMIZATION_LEVEL = "-O";
				VALIDATE_PRODUCT = YES;
			};
			name = Release;
		};
		ED499A7220A3B70F00CF98FF /* Debug */ = {
			isa = XCBuildConfiguration;
			baseConfigurationReference = E05BA54DF26DA90688F6161E /* Pods-UPAPP.debug.xcconfig */;
			buildSettings = {
				ASSETCATALOG_COMPILER_APPICON_NAME = AppIcon;
				CODE_SIGN_IDENTITY = "iPhone Developer";
				CODE_SIGN_STYLE = Automatic;
				DEVELOPMENT_TEAM = NMBZQ6J656;
				INFOPLIST_FILE = UPAPP/Info.plist;
				IPHONEOS_DEPLOYMENT_TARGET = 10.0;
				LD_RUNPATH_SEARCH_PATHS = (
					"$(inherited)",
					"@executable_path/Frameworks",
				);
				PRODUCT_BUNDLE_IDENTIFIER = com.UPAPP.evm;
				PRODUCT_NAME = "$(TARGET_NAME)";
				PROVISIONING_PROFILE_SPECIFIER = "";
				SWIFT_VERSION = 4.0;
				TARGETED_DEVICE_FAMILY = "1,2";
			};
			name = Debug;
		};
		ED499A7320A3B70F00CF98FF /* Release */ = {
			isa = XCBuildConfiguration;
			baseConfigurationReference = 06460259CA38EC5063845EAE /* Pods-UPAPP.release.xcconfig */;
			buildSettings = {
				ASSETCATALOG_COMPILER_APPICON_NAME = AppIcon;
				CODE_SIGN_IDENTITY = "iPhone Developer";
				CODE_SIGN_STYLE = Automatic;
				DEVELOPMENT_TEAM = NMBZQ6J656;
				INFOPLIST_FILE = UPAPP/Info.plist;
				IPHONEOS_DEPLOYMENT_TARGET = 10.0;
				LD_RUNPATH_SEARCH_PATHS = (
					"$(inherited)",
					"@executable_path/Frameworks",
				);
				PRODUCT_BUNDLE_IDENTIFIER = com.UPAPP.evm;
				PRODUCT_NAME = "$(TARGET_NAME)";
				PROVISIONING_PROFILE_SPECIFIER = "";
				SWIFT_VERSION = 4.0;
				TARGETED_DEVICE_FAMILY = "1,2";
			};
			name = Release;
		};
		ED499A7520A3B70F00CF98FF /* Debug */ = {
			isa = XCBuildConfiguration;
			baseConfigurationReference = 51334CAC0E816F5954219B56 /* Pods-UPAPPTests.debug.xcconfig */;
			buildSettings = {
				ALWAYS_EMBED_SWIFT_STANDARD_LIBRARIES = YES;
				BUNDLE_LOADER = "$(TEST_HOST)";
				CODE_SIGN_STYLE = Automatic;
				INFOPLIST_FILE = UPAPPTests/Info.plist;
				LD_RUNPATH_SEARCH_PATHS = (
					"$(inherited)",
					"@executable_path/Frameworks",
					"@loader_path/Frameworks",
				);
				PRODUCT_BUNDLE_IDENTIFIER = evm.UPAPPTests;
				PRODUCT_NAME = "$(TARGET_NAME)";
				SWIFT_VERSION = 4.0;
				TARGETED_DEVICE_FAMILY = "1,2";
				TEST_HOST = "$(BUILT_PRODUCTS_DIR)/UPAPP.app/UPAPP";
			};
			name = Debug;
		};
		ED499A7620A3B70F00CF98FF /* Release */ = {
			isa = XCBuildConfiguration;
			baseConfigurationReference = F622A87CCDAFAA57BB6DF6EF /* Pods-UPAPPTests.release.xcconfig */;
			buildSettings = {
				ALWAYS_EMBED_SWIFT_STANDARD_LIBRARIES = YES;
				BUNDLE_LOADER = "$(TEST_HOST)";
				CODE_SIGN_STYLE = Automatic;
				INFOPLIST_FILE = UPAPPTests/Info.plist;
				LD_RUNPATH_SEARCH_PATHS = (
					"$(inherited)",
					"@executable_path/Frameworks",
					"@loader_path/Frameworks",
				);
				PRODUCT_BUNDLE_IDENTIFIER = evm.UPAPPTests;
				PRODUCT_NAME = "$(TARGET_NAME)";
				SWIFT_VERSION = 4.0;
				TARGETED_DEVICE_FAMILY = "1,2";
				TEST_HOST = "$(BUILT_PRODUCTS_DIR)/UPAPP.app/UPAPP";
			};
			name = Release;
		};
		ED499A7820A3B70F00CF98FF /* Debug */ = {
			isa = XCBuildConfiguration;
			baseConfigurationReference = D1BD8DD6C495631B785BFB74 /* Pods-UPAPPUITests.debug.xcconfig */;
			buildSettings = {
				ALWAYS_EMBED_SWIFT_STANDARD_LIBRARIES = YES;
				CODE_SIGN_STYLE = Automatic;
				INFOPLIST_FILE = UPAPPUITests/Info.plist;
				LD_RUNPATH_SEARCH_PATHS = (
					"$(inherited)",
					"@executable_path/Frameworks",
					"@loader_path/Frameworks",
				);
				PRODUCT_BUNDLE_IDENTIFIER = evm.UPAPPUITests;
				PRODUCT_NAME = "$(TARGET_NAME)";
				SWIFT_VERSION = 4.0;
				TARGETED_DEVICE_FAMILY = "1,2";
				TEST_TARGET_NAME = UPAPP;
			};
			name = Debug;
		};
		ED499A7920A3B70F00CF98FF /* Release */ = {
			isa = XCBuildConfiguration;
			baseConfigurationReference = 6BBE6AE9B631738194829944 /* Pods-UPAPPUITests.release.xcconfig */;
			buildSettings = {
				ALWAYS_EMBED_SWIFT_STANDARD_LIBRARIES = YES;
				CODE_SIGN_STYLE = Automatic;
				INFOPLIST_FILE = UPAPPUITests/Info.plist;
				LD_RUNPATH_SEARCH_PATHS = (
					"$(inherited)",
					"@executable_path/Frameworks",
					"@loader_path/Frameworks",
				);
				PRODUCT_BUNDLE_IDENTIFIER = evm.UPAPPUITests;
				PRODUCT_NAME = "$(TARGET_NAME)";
				SWIFT_VERSION = 4.0;
				TARGETED_DEVICE_FAMILY = "1,2";
				TEST_TARGET_NAME = UPAPP;
			};
			name = Release;
		};
/* End XCBuildConfiguration section */

/* Begin XCConfigurationList section */
		ED499A4420A3B70D00CF98FF /* Build configuration list for PBXProject "UPAPP" */ = {
			isa = XCConfigurationList;
			buildConfigurations = (
				ED499A6F20A3B70F00CF98FF /* Debug */,
				ED499A7020A3B70F00CF98FF /* Release */,
			);
			defaultConfigurationIsVisible = 0;
			defaultConfigurationName = Release;
		};
		ED499A7120A3B70F00CF98FF /* Build configuration list for PBXNativeTarget "UPAPP" */ = {
			isa = XCConfigurationList;
			buildConfigurations = (
				ED499A7220A3B70F00CF98FF /* Debug */,
				ED499A7320A3B70F00CF98FF /* Release */,
			);
			defaultConfigurationIsVisible = 0;
			defaultConfigurationName = Release;
		};
		ED499A7420A3B70F00CF98FF /* Build configuration list for PBXNativeTarget "UPAPPTests" */ = {
			isa = XCConfigurationList;
			buildConfigurations = (
				ED499A7520A3B70F00CF98FF /* Debug */,
				ED499A7620A3B70F00CF98FF /* Release */,
			);
			defaultConfigurationIsVisible = 0;
			defaultConfigurationName = Release;
		};
		ED499A7720A3B70F00CF98FF /* Build configuration list for PBXNativeTarget "UPAPPUITests" */ = {
			isa = XCConfigurationList;
			buildConfigurations = (
				ED499A7820A3B70F00CF98FF /* Debug */,
				ED499A7920A3B70F00CF98FF /* Release */,
			);
			defaultConfigurationIsVisible = 0;
			defaultConfigurationName = Release;
		};
/* End XCConfigurationList section */
	};
	rootObject = ED499A4120A3B70D00CF98FF /* Project object */;
}
